
Microsoft Visual Studio Solution File, Format Version 12.00
# Visual Studio Version 16
VisualStudioVersion = 16.0.30611.23
MinimumVisualStudioVersion = 10.0.40219.1
Project("{9A19103F-16F7-4668-BE54-9A1E7A4F7556}") = "CabInvoiceGenerator", "CabInvoiceGenerator\CabInvoiceGenerator.csproj", "{C53F0AFA-7183-44A1-8D43-28A6AD3EE955}"
EndProject
Project("{FAE04EC0-301F-11D3-BF4B-00C04F79EFBC}") = "CabInvoiceGeneratorTest", "CabInvoiceGeneratorTest\CabInvoiceGeneratorTest.csproj", "{771CEBA2-5257-4A8E-BB8C-FB745CDFDAF4}"
EndProject
Global
	GlobalSection(SolutionConfigurationPlatforms) = preSolution
		Debug|Any CPU = Debug|Any CPU
		Release|Any CPU = Release|Any CPU
	EndGlobalSection
	GlobalSection(ProjectConfigurationPlatforms) = postSolution
		{C53F0AFA-7183-44A1-8D43-28A6AD3EE955}.Debug|Any CPU.ActiveCfg = Debug|Any CPU
		{C53F0AFA-7183-44A1-8D43-28A6AD3EE955}.Debug|Any CPU.Build.0 = Debug|Any CPU
		{C53F0AFA-7183-44A1-8D43-28A6AD3EE955}.Release|Any CPU.ActiveCfg = Release|Any CPU
		{C53F0AFA-7183-44A1-8D43-28A6AD3EE955}.Release|Any CPU.Build.0 = Release|Any CPU
		{771CEBA2-5257-4A8E-BB8C-FB745CDFDAF4}.Debug|Any CPU.ActiveCfg = Debug|Any CPU
		{771CEBA2-5257-4A8E-BB8C-FB745CDFDAF4}.Debug|Any CPU.Build.0 = Debug|Any CPU
		{771CEBA2-5257-4A8E-BB8C-FB745CDFDAF4}.Release|Any CPU.ActiveCfg = Release|Any CPU
		{771CEBA2-5257-4A8E-BB8C-FB745CDFDAF4}.Release|Any CPU.Build.0 = Release|Any CPU
	EndGlobalSection
	GlobalSection(SolutionProperties) = preSolution
		HideSolutionNode = FALSE
	EndGlobalSection
	GlobalSection(ExtensibilityGlobals) = postSolution
		SolutionGuid = {ED43320F-44B3-4699-B427-A349FCF7B954}
	EndGlobalSection
EndGlobal
